
# THIS IS AN AUTOGENERATED FILE. DO NOT EDIT THIS FILE DIRECTLY.
# yarn lockfile v1


"@algolia/autocomplete-core@1.2.1":
  version "1.2.1"
  resolved "https://registry.yarnpkg.com/@algolia/autocomplete-core/-/autocomplete-core-1.2.1.tgz#95fc07cfa40b5a38e3f80acd75d1fb94968215a8"
  integrity sha512-/SLS6636Wpl7eFiX7eEy0E3wBo60sUm1qRYybJBDt1fs8reiJ1+OSy+dZgrLBfLL4mSFqRIIUHXbVp25QdZ+iw==
  dependencies:
    "@algolia/autocomplete-shared" "1.2.1"

"@algolia/autocomplete-preset-algolia@1.2.1":
  version "1.2.1"
  resolved "https://registry.yarnpkg.com/@algolia/autocomplete-preset-algolia/-/autocomplete-preset-algolia-1.2.1.tgz#bda1741823268ff76ba78306259036f000198e01"
  integrity sha512-Lf4PpPVgHNXm1ytrnVdrZYV7hAYSCpAI/TrebF8UC6xflPY6sKb1RL/2OfrO9On7SDjPBtNd+6MArSar5JmK0g==
  dependencies:
    "@algolia/autocomplete-shared" "1.2.1"

"@algolia/autocomplete-shared@1.2.1":
  version "1.2.1"
  resolved "https://registry.yarnpkg.com/@algolia/autocomplete-shared/-/autocomplete-shared-1.2.1.tgz#96f869fb2285ed6a34a5ac2509722c065df93016"
  integrity sha512-RHCwcXAYFwDXTlomstjWRFIzOfyxtQ9KmViacPE5P5hxUSSjkmG3dAb77xdydift1PaZNbho5TNTCi5UZe0RpA==

"@algolia/cache-browser-local-storage@4.10.3":
  version "4.10.3"
  resolved "https://registry.yarnpkg.com/@algolia/cache-browser-local-storage/-/cache-browser-local-storage-4.10.3.tgz#3bf81e0f66a4a1079a75914a987eb1ef432c7c68"
  integrity sha512-TD1N7zg5lb56/PLjjD4bBl2eccEvVHhC7yfgFu2r9k5tf+gvbGxEZ3NhRZVKu2MObUIcEy2VR4LVLxOQu45Hlg==
  dependencies:
    "@algolia/cache-common" "4.10.3"

"@algolia/cache-common@4.10.3":
  version "4.10.3"
  resolved "https://registry.yarnpkg.com/@algolia/cache-common/-/cache-common-4.10.3.tgz#311b2b5ae06d55300f4230944c99bc39ad15847d"
  integrity sha512-q13cPPUmtf8a2suBC4kySSr97EyulSXuxUkn7l1tZUCX/k1y5KNheMp8npBy8Kc8gPPmHpacxddRSfOncjiKFw==

"@algolia/cache-in-memory@4.10.3":
  version "4.10.3"
  resolved "https://registry.yarnpkg.com/@algolia/cache-in-memory/-/cache-in-memory-4.10.3.tgz#697e4994538426272ea29ccf2b32b46ea4c48862"
  integrity sha512-JhPajhOXAjUP+TZrZTh6KJpF5VKTKyWK2aR1cD8NtrcVHwfGS7fTyfXfVm5BqBqkD9U0gVvufUt/mVyI80aZww==
  dependencies:
    "@algolia/cache-common" "4.10.3"

"@algolia/client-account@4.10.3":
  version "4.10.3"
  resolved "https://registry.yarnpkg.com/@algolia/client-account/-/client-account-4.10.3.tgz#f2cbefb1abce74c341115607d6af199df1b056ae"
  integrity sha512-S/IsJB4s+e1xYctdpW3nAbwrR2y3pjSo9X21fJGoiGeIpTRdvQG7nydgsLkhnhcgAdLnmqBapYyAqMGmlcyOkg==
  dependencies:
    "@algolia/client-common" "4.10.3"
    "@algolia/client-search" "4.10.3"
    "@algolia/transporter" "4.10.3"

"@algolia/client-analytics@4.10.3":
  version "4.10.3"
  resolved "https://registry.yarnpkg.com/@algolia/client-analytics/-/client-analytics-4.10.3.tgz#43d934ef8df0cf551c78e6b2e9f2452e7fb27d93"
  integrity sha512-vlHTbBqJktRgclh3v7bPQLfZvFIqY4erNFIZA5C7nisCj9oLeTgzefoUrr+R90+I+XjfoLxnmoeigS1Z1yg1vw==
  dependencies:
    "@algolia/client-common" "4.10.3"
    "@algolia/client-search" "4.10.3"
    "@algolia/requester-common" "4.10.3"
    "@algolia/transporter" "4.10.3"

"@algolia/client-common@4.10.3":
  version "4.10.3"
  resolved "https://registry.yarnpkg.com/@algolia/client-common/-/client-common-4.10.3.tgz#c4257dd5c57c5c8ec4bd48a7b1897573e372d403"
  integrity sha512-uFyP2Z14jG2hsFRbAoavna6oJf4NTXaSDAZgouZUZlHlBp5elM38sjNeA5HR9/D9J/GjwaB1SgB7iUiIWYBB4w==
  dependencies:
    "@algolia/requester-common" "4.10.3"
    "@algolia/transporter" "4.10.3"

"@algolia/client-personalization@4.10.3":
  version "4.10.3"
  resolved "https://registry.yarnpkg.com/@algolia/client-personalization/-/client-personalization-4.10.3.tgz#58c800f90ab8ab4aa29abdf29a97e89e6bda419e"
  integrity sha512-NS7Nx8EJ/nduGXT8CFo5z7kLF0jnFehTP3eC+z+GOEESH3rrs7uR12IZHxv5QhQswZa9vl925zCOZDcDVoENCg==
  dependencies:
    "@algolia/client-common" "4.10.3"
    "@algolia/requester-common" "4.10.3"
    "@algolia/transporter" "4.10.3"

"@algolia/client-search@4.10.3":
  version "4.10.3"
  resolved "https://registry.yarnpkg.com/@algolia/client-search/-/client-search-4.10.3.tgz#aa6b02c2d528cb264830f276739b7f68b58988ef"
  integrity sha512-Zwnp2G94IrNFKWCG/k7epI5UswRkPvL9FCt7/slXe2bkjP2y/HA37gzRn+9tXoLVRwd7gBzrtOA4jFKIyjrtVw==
  dependencies:
    "@algolia/client-common" "4.10.3"
    "@algolia/requester-common" "4.10.3"
    "@algolia/transporter" "4.10.3"

"@algolia/logger-common@4.10.3":
  version "4.10.3"
  resolved "https://registry.yarnpkg.com/@algolia/logger-common/-/logger-common-4.10.3.tgz#6773d2e38581bf9ac57e2dda02f0c4f1bc72ce94"
  integrity sha512-M6xi+qov2bkgg1H9e1Qtvq/E/eKsGcgz8RBbXNzqPIYoDGZNkv+b3b8YMo3dxd4Wd6M24HU1iqF3kmr1LaXndg==

"@algolia/logger-console@4.10.3":
  version "4.10.3"
  resolved "https://registry.yarnpkg.com/@algolia/logger-console/-/logger-console-4.10.3.tgz#bd8bdc1f9dba89db37be25d673ac1f2e68de7913"
  integrity sha512-vVgRI7b4PHjgBdRkv/cRz490twvkLoGdpC4VYzIouSrKj8SIVLRhey3qgXk7oQXi3xoxVAv6NrklHfpO8Bpx0w==
  dependencies:
    "@algolia/logger-common" "4.10.3"

"@algolia/requester-browser-xhr@4.10.3":
  version "4.10.3"
  resolved "https://registry.yarnpkg.com/@algolia/requester-browser-xhr/-/requester-browser-xhr-4.10.3.tgz#81ae8f6caf562a28f96102f03da7f4b19bba568c"
  integrity sha512-4WIk1zreFbc1EF6+gsfBTQvwSNjWc20zJAAExRWql/Jq5yfVHmwOqi/CajA53/cXKFBqo80DAMRvOiwP+hOLYw==
  dependencies:
    "@algolia/requester-common" "4.10.3"

"@algolia/requester-common@4.10.3":
  version "4.10.3"
  resolved "https://registry.yarnpkg.com/@algolia/requester-common/-/requester-common-4.10.3.tgz#c3112393cff97be79863bc28de76f9c69b2f5a95"
  integrity sha512-PNfLHmg0Hujugs3rx55uz/ifv7b9HVdSFQDb2hj0O5xZaBEuQCNOXC6COrXR8+9VEfqp2swpg7zwgtqFxh+BtQ==

"@algolia/requester-node-http@4.10.3":
  version "4.10.3"
  resolved "https://registry.yarnpkg.com/@algolia/requester-node-http/-/requester-node-http-4.10.3.tgz#75ea7805ac0ba25a1124989d8632ef39c31441c1"
  integrity sha512-A9ZcGfEvgqf0luJApdNcIhsRh6MShn2zn2tbjwjGG1joF81w+HUY+BWuLZn56vGwAA9ZB9n00IoJJpxibbfofg==
  dependencies:
    "@algolia/requester-common" "4.10.3"

"@algolia/transporter@4.10.3":
  version "4.10.3"
  resolved "https://registry.yarnpkg.com/@algolia/transporter/-/transporter-4.10.3.tgz#0aeee752923957cffe63e4cf1c7a22ca48d96dde"
  integrity sha512-n1lRyKDbrckbMEgm7QXtj3nEWUuzA3aKLzVQ43/F/RCFib15j4IwtmYhXR6OIBRSc7+T0Hm48S0J6F+HeYCQkw==
  dependencies:
    "@algolia/cache-common" "4.10.3"
    "@algolia/logger-common" "4.10.3"
    "@algolia/requester-common" "4.10.3"

"@babel/code-frame@7.10.4":
  version "7.10.4"
  resolved "https://registry.yarnpkg.com/@babel/code-frame/-/code-frame-7.10.4.tgz#168da1a36e90da68ae8d49c0f1b48c7c6249213a"
  integrity sha512-vG6SvB6oYEhvgisZNFRmRCUkLz11c7rp+tbNTynGqc6mS1d5ATd/sGyV6W0KZZnXRKMTzZDRgQT3Ou9jhpAfUg==
  dependencies:
    "@babel/highlight" "^7.10.4"

"@babel/code-frame@7.12.11":
  version "7.12.11"
  resolved "https://registry.yarnpkg.com/@babel/code-frame/-/code-frame-7.12.11.tgz#f4ad435aa263db935b8f10f2c552d23fb716a63f"
  integrity sha512-Zt1yodBx1UcyiePMSkWnU4hPqhwq7hGi2nFL1LeA3EUl+q2LQx16MISgJ0+z7dnmgvP9QtIleuETGOiOH1RcIw==
  dependencies:
    "@babel/highlight" "^7.10.4"

"@babel/code-frame@^7.0.0", "@babel/code-frame@^7.10.4", "@babel/code-frame@^7.14.5", "@babel/code-frame@^7.5.5":
  version "7.14.5"
  resolved "https://registry.yarnpkg.com/@babel/code-frame/-/code-frame-7.14.5.tgz#23b08d740e83f49c5e59945fbf1b43e80bbf4edb"
  integrity sha512-9pzDqyc6OLDaqe+zbACgFkb6fKMNG6CObKpnYXChRsvYGyEdc7CA2BaqeOM+vOtCS5ndmJicPJhKAwYRI6UfFw==
  dependencies:
    "@babel/highlight" "^7.14.5"

"@babel/compat-data@^7.13.11", "@babel/compat-data@^7.14.5", "@babel/compat-data@^7.14.7", "@babel/compat-data@^7.14.9":
  version "7.14.9"
  resolved "https://registry.yarnpkg.com/@babel/compat-data/-/compat-data-7.14.9.tgz#ac7996ceaafcf8f410119c8af0d1db4cf914a210"
  integrity sha512-p3QjZmMGHDGdpcwEYYWu7i7oJShJvtgMjJeb0W95PPhSm++3lm8YXYOh45Y6iCN9PkZLTZ7CIX5nFrp7pw7TXw==

"@babel/core@7.12.9":
  version "7.12.9"
  resolved "https://registry.yarnpkg.com/@babel/core/-/core-7.12.9.tgz#fd450c4ec10cdbb980e2928b7aa7a28484593fc8"
  integrity sha512-gTXYh3M5wb7FRXQy+FErKFAv90BnlOuNn1QkCK2lREoPAjrQCO49+HVSrFoe5uakFAF5eenS75KbO2vQiLrTMQ==
  dependencies:
    "@babel/code-frame" "^7.10.4"
    "@babel/generator" "^7.12.5"
    "@babel/helper-module-transforms" "^7.12.1"
    "@babel/helpers" "^7.12.5"
    "@babel/parser" "^7.12.7"
    "@babel/template" "^7.12.7"
    "@babel/traverse" "^7.12.9"
    "@babel/types" "^7.12.7"
    convert-source-map "^1.7.0"
    debug "^4.1.0"
    gensync "^1.0.0-beta.1"
    json5 "^2.1.2"
    lodash "^4.17.19"
    resolve "^1.3.2"
    semver "^5.4.1"
    source-map "^0.5.0"

"@babel/core@^7.12.16", "@babel/core@^7.12.3":
  version "7.14.8"
  resolved "https://registry.yarnpkg.com/@babel/core/-/core-7.14.8.tgz#20cdf7c84b5d86d83fac8710a8bc605a7ba3f010"
  integrity sha512-/AtaeEhT6ErpDhInbXmjHcUQXH0L0TEgscfcxk1qbOvLuKCa5aZT0SOOtDKFY96/CLROwbLSKyFor6idgNaU4Q==
  dependencies:
    "@babel/code-frame" "^7.14.5"
    "@babel/generator" "^7.14.8"
    "@babel/helper-compilation-targets" "^7.14.5"
    "@babel/helper-module-transforms" "^7.14.8"
    "@babel/helpers" "^7.14.8"
    "@babel/parser" "^7.14.8"
    "@babel/template" "^7.14.5"
    "@babel/traverse" "^7.14.8"
    "@babel/types" "^7.14.8"
    convert-source-map "^1.7.0"
    debug "^4.1.0"
    gensync "^1.0.0-beta.2"
    json5 "^2.1.2"
    semver "^6.3.0"
    source-map "^0.5.0"

"@babel/generator@^7.12.15", "@babel/generator@^7.12.5", "@babel/generator@^7.14.8", "@babel/generator@^7.14.9":
  version "7.14.9"
  resolved "https://registry.yarnpkg.com/@babel/generator/-/generator-7.14.9.tgz#23b19c597d38b4f7dc2e3fe42a69c88d9ecfaa16"
  integrity sha512-4yoHbhDYzFa0GLfCzLp5GxH7vPPMAHdZjyE7M/OajM9037zhx0rf+iNsJwp4PT0MSFpwjG7BsHEbPkBQpZ6cYA==
  dependencies:
    "@babel/types" "^7.14.9"
    jsesc "^2.5.1"
    source-map "^0.5.0"

"@babel/helper-annotate-as-pure@^7.14.5":
  version "7.14.5"
  resolved "https://registry.yarnpkg.com/@babel/helper-annotate-as-pure/-/helper-annotate-as-pure-7.14.5.tgz#7bf478ec3b71726d56a8ca5775b046fc29879e61"
  integrity sha512-EivH9EgBIb+G8ij1B2jAwSH36WnGvkQSEC6CkX/6v6ZFlw5fVOHvsgGF4uiEHO2GzMvunZb6tDLQEQSdrdocrA==
  dependencies:
    "@babel/types" "^7.14.5"

"@babel/helper-builder-binary-assignment-operator-visitor@^7.14.5":
  version "7.14.5"
  resolved "https://registry.yarnpkg.com/@babel/helper-builder-binary-assignment-operator-visitor/-/helper-builder-binary-assignment-operator-visitor-7.14.5.tgz#b939b43f8c37765443a19ae74ad8b15978e0a191"
  integrity sha512-YTA/Twn0vBXDVGJuAX6PwW7x5zQei1luDDo2Pl6q1qZ7hVNl0RZrhHCQG/ArGpR29Vl7ETiB8eJyrvpuRp300w==
  dependencies:
    "@babel/helper-explode-assignable-expression" "^7.14.5"
    "@babel/types" "^7.14.5"

"@babel/helper-compilation-targets@^7.13.0", "@babel/helper-compilation-targets@^7.14.5":
  version "7.14.5"
  resolved "https://registry.yarnpkg.com/@babel/helper-compilation-targets/-/helper-compilation-targets-7.14.5.tgz#7a99c5d0967911e972fe2c3411f7d5b498498ecf"
  integrity sha512-v+QtZqXEiOnpO6EYvlImB6zCD2Lel06RzOPzmkz/D/XgQiUu3C/Jb1LOqSt/AIA34TYi/Q+KlT8vTQrgdxkbLw==
  dependencies:
    "@babel/compat-data" "^7.14.5"
    "@babel/helper-validator-option" "^7.14.5"
    browserslist "^4.16.6"
    semver "^6.3.0"

"@babel/helper-create-class-features-plugin@^7.14.5", "@babel/helper-create-class-features-plugin@^7.14.6":
  version "7.14.8"
  resolved "https://registry.yarnpkg.com/@babel/helper-create-class-features-plugin/-/helper-create-class-features-plugin-7.14.8.tgz#a6f8c3de208b1e5629424a9a63567f56501955fc"
  integrity sha512-bpYvH8zJBWzeqi1o+co8qOrw+EXzQ/0c74gVmY205AWXy9nifHrOg77y+1zwxX5lXE7Icq4sPlSQ4O2kWBrteQ==
  dependencies:
    "@babel/helper-annotate-as-pure" "^7.14.5"
    "@babel/helper-function-name" "^7.14.5"
    "@babel/helper-member-expression-to-functions" "^7.14.7"
    "@babel/helper-optimise-call-expression" "^7.14.5"
    "@babel/helper-replace-supers" "^7.14.5"
    "@babel/helper-split-export-declaration" "^7.14.5"

"@babel/helper-create-regexp-features-plugin@^7.14.5":
  version "7.14.5"
  resolved "https://registry.yarnpkg.com/@babel/helper-create-regexp-features-plugin/-/helper-create-regexp-features-plugin-7.14.5.tgz#c7d5ac5e9cf621c26057722fb7a8a4c5889358c4"
  integrity sha512-TLawwqpOErY2HhWbGJ2nZT5wSkR192QpN+nBg1THfBfftrlvOh+WbhrxXCH4q4xJ9Gl16BGPR/48JA+Ryiho/A==
  dependencies:
    "@babel/helper-annotate-as-pure" "^7.14.5"
    regexpu-core "^4.7.1"

"@babel/helper-define-polyfill-provider@^0.2.2":
  version "0.2.3"
  resolved "https://registry.yarnpkg.com/@babel/helper-define-polyfill-provider/-/helper-define-polyfill-provider-0.2.3.tgz#0525edec5094653a282688d34d846e4c75e9c0b6"
  integrity sha512-RH3QDAfRMzj7+0Nqu5oqgO5q9mFtQEVvCRsi8qCEfzLR9p2BHfn5FzhSB2oj1fF7I2+DcTORkYaQ6aTR9Cofew==
  dependencies: