
# THIS IS AN AUTOGENERATED FILE. DO NOT EDIT THIS FILE DIRECTLY.
# yarn lockfile v1


"@algolia/autocomplete-core@1.2.1":
  version "1.2.1"
  resolved "https://registry.yarnpkg.com/@algolia/autocomplete-core/-/autocomplete-core-1.2.1.tgz#95fc07cfa40b5a38e3f80acd75d1fb94968215a8"
  integrity sha512-/SLS6636Wpl7eFiX7eEy0E3wBo60sUm1qRYybJBDt1fs8reiJ1+OSy+dZgrLBfLL4mSFqRIIUHXbVp25QdZ+iw==
  dependencies:
    "@algolia/autocomplete-shared" "1.2.1"

"@algolia/autocomplete-preset-algolia@1.2.1":
  version "1.2.1"
  resolved "https://registry.yarnpkg.com/@algolia/autocomplete-preset-algolia/-/autocomplete-preset-algolia-1.2.1.tgz#bda1741823268ff76ba78306259036f000198e01"
  integrity sha512-Lf4PpPVgHNXm1ytrnVdrZYV7hAYSCpAI/TrebF8UC6xflPY6sKb1RL/2OfrO9On7SDjPBtNd+6MArSar5JmK0g==
  dependencies:
    "@algolia/autocomplete-shared" "1.2.1"

"@algolia/autocomplete-shared@1.2.1":
  version "1.2.1"
  resolved "https://registry.yarnpkg.com/@algolia/autocomplete-shared/-/autocomplete-shared-1.2.1.tgz#96f869fb2285ed6a34a5ac2509722c065df93016"
  integrity sha512-RHCwcXAYFwDXTlomstjWRFIzOfyxtQ9KmViacPE5P5hxUSSjkmG3dAb77xdydift1PaZNbho5TNTCi5UZe0RpA==

"@algolia/cache-browser-local-storage@4.10.3":
  version "4.10.3"
  resolved "https://registry.yarnpkg.com/@algolia/cache-browser-local-storage/-/cache-browser-local-storage-4.10.3.tgz#3bf81e0f66a4a1079a75914a987eb1ef432c7c68"
  integrity sha512-TD1N7zg5lb56/PLjjD4bBl2eccEvVHhC7yfgFu2r9k5tf+gvbGxEZ3NhRZVKu2MObUIcEy2VR4LVLxOQu45Hlg==
  dependencies:
    "@algolia/cache-common" "4.10.3"

"@algolia/cache-common@4.10.3":
  version "4.10.3"
  resolved "https://registry.yarnpkg.com/@algolia/cache-common/-/cache-common-4.10.3.tgz#311b2b5ae06d55300f4230944c99bc39ad15847d"
  integrity sha512-q13cPPUmtf8a2suBC4kySSr97EyulSXuxUkn7l1tZUCX/k1y5KNheMp8npBy8Kc8gPPmHpacxddRSfOncjiKFw==

"@algolia/cache-in-memory@4.10.3":
  version "4.10.3"
  resolved "https://registry.yarnpkg.com/@algolia/cache-in-memory/-/cache-in-memory-4.10.3.tgz#697e4994538426272ea29ccf2b32b46ea4c48862"
  integrity sha512-JhPajhOXAjUP+TZrZTh6KJpF5VKTKyWK2aR1cD8NtrcVHwfGS7fTyfXfVm5BqBqkD9U0gVvufUt/mVyI80aZww==
  dependencies:
    "@algolia/cache-common" "4.10.3"

"@algolia/client-account@4.10.3":
  version "4.10.3"
  resolved "https://registry.yarnpkg.com/@algolia/client-account/-/client-account-4.10.3.tgz#f2cbefb1abce74c341115607d6af199df1b056ae"
  integrity sha512-S/IsJB4s+e1xYctdpW3nAbwrR2y3pjSo9X21fJGoiGeIpTRdvQG7nydgsLkhnhcgAdLnmqBapYyAqMGmlcyOkg==
  dependencies:
    "@algolia/client-common" "4.10.3"